
Microsoft Visual Studio Solution File, Format Version 12.00
# Visual Studio 14
VisualStudioVersion = 14.0.22823.1
MinimumVisualStudioVersion = 10.0.40219.1
Project("{FAE04EC0-301F-11D3-BF4B-00C04F79EFBC}") = "HelloService", "HelloService\HelloService.csproj", "{3BB46553-9985-4D5F-AA43-D52B8103DA72}"
EndProject
Project("{FAE04EC0-301F-11D3-BF4B-00C04F79EFBC}") = "HelloServiceHost", "HelloServiceHost\HelloServiceHost.csproj", "{E845EB5D-CC98-47E0-A6F3-D19708FE78EC}"
EndProject
Global
	GlobalSection(SolutionConfigurationPlatforms) = preSolution
		Debug|Any CPU = Debug|Any CPU
		Release|Any CPU = Release|Any CPU
	EndGlobalSection
	GlobalSection(ProjectConfigurationPlatforms) = postSolution
		{3BB46553-9985-4D5F-AA43-D52B8103DA72}.Debug|Any CPU.ActiveCfg = Debug|Any CPU
		{3BB46553-9985-4D5F-AA43-D52B8103DA72}.Debug|Any CPU.Build.0 = Debug|Any CPU
		{3BB46553-9985-4D5F-AA43-D52B8103DA72}.Release|Any CPU.ActiveCfg = Release|Any CPU
		{3BB46553-9985-4D5F-AA43-D52B8103DA72}.Release|Any CPU.Build.0 = Release|Any CPU
		{E845EB5D-CC98-47E0-A6F3-D19708FE78EC}.Debug|Any CPU.ActiveCfg = Debug|Any CPU
		{E845EB5D-CC98-47E0-A6F3-D19708FE78EC}.Debug|Any CPU.Build.0 = Debug|Any CPU
		{E845EB5D-CC98-47E0-A6F3-D19708FE78EC}.Release|Any CPU.ActiveCfg = Release|Any CPU
		{E845EB5D-CC98-47E0-A6F3-D19708FE78EC}.Release|Any CPU.Build.0 = Release|Any CPU
	EndGlobalSection
	GlobalSection(SolutionProperties) = preSolution
		HideSolutionNode = FALSE
	EndGlobalSection
EndGlobal
