
Microsoft Visual Studio Solution File, Format Version 12.00
# Visual Studio 14
VisualStudioVersion = 14.0.22823.1
MinimumVisualStudioVersion = 10.0.40219.1
Project("{FAE04EC0-301F-11D3-BF4B-00C04F79EFBC}") = "WebServicesDemo", "WebServicesDemo\WebServicesDemo.csproj", "{C5E784F9-9C85-41E9-95AB-1AFB4D047B3B}"
EndProject
Project("{FAE04EC0-301F-11D3-BF4B-00C04F79EFBC}") = "HelloWebClient", "HelloWebClient\HelloWebClient.csproj", "{2343070D-5A0B-41FA-912B-52462E5593F1}"
	ProjectSection(ProjectDependencies) = postProject
		{C5E784F9-9C85-41E9-95AB-1AFB4D047B3B} = {C5E784F9-9C85-41E9-95AB-1AFB4D047B3B}
	EndProjectSection
EndProject
Global
	GlobalSection(SolutionConfigurationPlatforms) = preSolution
		Debug|Any CPU = Debug|Any CPU
		Release|Any CPU = Release|Any CPU
	EndGlobalSection
	GlobalSection(ProjectConfigurationPlatforms) = postSolution
		{C5E784F9-9C85-41E9-95AB-1AFB4D047B3B}.Debug|Any CPU.ActiveCfg = Debug|Any CPU
		{C5E784F9-9C85-41E9-95AB-1AFB4D047B3B}.Debug|Any CPU.Build.0 = Debug|Any CPU
		{C5E784F9-9C85-41E9-95AB-1AFB4D047B3B}.Release|Any CPU.ActiveCfg = Release|Any CPU
		{C5E784F9-9C85-41E9-95AB-1AFB4D047B3B}.Release|Any CPU.Build.0 = Release|Any CPU
		{2343070D-5A0B-41FA-912B-52462E5593F1}.Debug|Any CPU.ActiveCfg = Debug|Any CPU
		{2343070D-5A0B-41FA-912B-52462E5593F1}.Debug|Any CPU.Build.0 = Debug|Any CPU
		{2343070D-5A0B-41FA-912B-52462E5593F1}.Release|Any CPU.ActiveCfg = Release|Any CPU
		{2343070D-5A0B-41FA-912B-52462E5593F1}.Release|Any CPU.Build.0 = Release|Any CPU
	EndGlobalSection
	GlobalSection(SolutionProperties) = preSolution
		HideSolutionNode = FALSE
	EndGlobalSection
EndGlobal
