
Microsoft Visual Studio Solution File, Format Version 12.00
# Visual Studio 2013
VisualStudioVersion = 12.0.21005.1
MinimumVisualStudioVersion = 10.0.40219.1
Project("{FAE04EC0-301F-11D3-BF4B-00C04F79EFBC}") = "CounterApp", "CounterApp\CounterApp.csproj", "{844AA4B9-ADC5-4C05-A05E-D3A7FD9BB019}"
EndProject
Global
	GlobalSection(SolutionConfigurationPlatforms) = preSolution
		Debug|Any CPU = Debug|Any CPU
		Release|Any CPU = Release|Any CPU
	EndGlobalSection
	GlobalSection(ProjectConfigurationPlatforms) = postSolution
		{844AA4B9-ADC5-4C05-A05E-D3A7FD9BB019}.Debug|Any CPU.ActiveCfg = Debug|Any CPU
		{844AA4B9-ADC5-4C05-A05E-D3A7FD9BB019}.Debug|Any CPU.Build.0 = Debug|Any CPU
		{844AA4B9-ADC5-4C05-A05E-D3A7FD9BB019}.Release|Any CPU.ActiveCfg = Release|Any CPU
		{844AA4B9-ADC5-4C05-A05E-D3A7FD9BB019}.Release|Any CPU.Build.0 = Release|Any CPU
	EndGlobalSection
	GlobalSection(SolutionProperties) = preSolution
		HideSolutionNode = FALSE
	EndGlobalSection
EndGlobal
